
Microsoft Visual Studio Solution File, Format Version 12.00
# Visual Studio Version 16
VisualStudioVersion = 16.0.30011.22
MinimumVisualStudioVersion = 10.0.40219.1
Project("{FAE04EC0-301F-11D3-BF4B-00C04F79EFBC}") = "ShopperProject", "ShopperProject\ShopperProject.csproj", "{F396EDCC-3321-4539-8622-ABD78EEBE545}"
EndProject
Global
	GlobalSection(SolutionConfigurationPlatforms) = preSolution
		Debug|Any CPU = Debug|Any CPU
		Release|Any CPU = Release|Any CPU
	EndGlobalSection
	GlobalSection(ProjectConfigurationPlatforms) = postSolution
		{F396EDCC-3321-4539-8622-ABD78EEBE545}.Debug|Any CPU.ActiveCfg = Debug|Any CPU
		{F396EDCC-3321-4539-8622-ABD78EEBE545}.Debug|Any CPU.Build.0 = Debug|Any CPU
		{F396EDCC-3321-4539-8622-ABD78EEBE545}.Release|Any CPU.ActiveCfg = Release|Any CPU
		{F396EDCC-3321-4539-8622-ABD78EEBE545}.Release|Any CPU.Build.0 = Release|Any CPU
	EndGlobalSection
	GlobalSection(SolutionProperties) = preSolution
		HideSolutionNode = FALSE
	EndGlobalSection
	GlobalSection(ExtensibilityGlobals) = postSolution
		SolutionGuid = {5915E304-F481-4246-8ED3-E6ED18863F26}
	EndGlobalSection
EndGlobal
